<?xml version="1.0" encoding="utf-8"?>
<Project ToolsVersion="4.0" xmlns="http://schemas.microsoft.com/developer/msbuild/2003">
  <ItemGroup>
    <Filter Include="Source Files">
      <UniqueIdentifier>{5fe41dab-5a88-4f52-bd37-7de9000bcedd}</UniqueIdentifier>
    </Filter>
    <Filter Include="Source Files\common">
      <UniqueIdentifier>{f9e575fe-e9b4-4606-9cba-cbcf3a3c24b9}</UniqueIdentifier>
    </Filter>
    <Filter Include="Source Files\jenkins">
      <UniqueIdentifier>{11899284-8ccd-42aa-8642-9895573b29fd}</UniqueIdentifier>
    </Filter>
    <Filter Include="Source Files\libtomcrypt">
      <UniqueIdentifier>{bcd76753-45b4-4381-bb0a-927a6479439e}</UniqueIdentifier>
    </Filter>
    <Filter Include="Source Files\libtomcrypt\hashes">
      <UniqueIdentifier>{3893a474-440d-4faf-b4b7-a43bbc187d3d}</UniqueIdentifier>
    </Filter>
    <Filter Include="Source Files\libtomcrypt\misc">
      <UniqueIdentifier>{5a55399e-ef82-473d-af52-cb5434b931c9}</UniqueIdentifier>
    </Filter>
    <Filter Include="Source Files\zlib">
      <UniqueIdentifier>{ca184262-2a7c-4454-a342-d6ab2c34406f}</UniqueIdentifier>
    </Filter>
    <Filter Include="Header Files">
      <UniqueIdentifier>{40876fd7-9d34-4c9b-94ba-d9031aa51a86}</UniqueIdentifier>
    </Filter>
  </ItemGroup>
  <ItemGroup>
    <ClCompile Include="src\CascCommon.cpp">
      <Filter>Source Files</Filter>
    </ClCompile>
    <ClCompile Include="src\CascDecompress.cpp">
      <Filter>Source Files</Filter>
    </ClCompile>
    <ClCompile Include="src\CascDecrypt.cpp">
      <Filter>Source Files</Filter>
    </ClCompile>
    <ClCompile Include="src\CascDumpData.cpp">
      <Filter>Source Files</Filter>
    </ClCompile>
    <ClCompile Include="src\CascFiles.cpp">
      <Filter>Source Files</Filter>
    </ClCompile>
    <ClCompile Include="src\CascFindFile.cpp">
      <Filter>Source Files</Filter>
    </ClCompile>
    <ClCompile Include="src\CascOpenFile.cpp">
      <Filter>Source Files</Filter>
    </ClCompile>
    <ClCompile Include="src\CascOpenStorage.cpp">
      <Filter>Source Files</Filter>
    </ClCompile>
    <ClCompile Include="src\CascReadFile.cpp">
      <Filter>Source Files</Filter>
    </ClCompile>
    <ClCompile Include="src\CascRootFile_Diablo3.cpp">
      <Filter>Source Files</Filter>
    </ClCompile>
    <ClCompile Include="src\CascRootFile_MNDX.cpp">
      <Filter>Source Files</Filter>
    </ClCompile>
    <ClCompile Include="src\CascRootFile_Text.cpp">
      <Filter>Source Files</Filter>
    </ClCompile>
    <ClCompile Include="src\CascRootFile_WoW6.cpp">
      <Filter>Source Files</Filter>
    </ClCompile>
    <ClCompile Include="src\DllMain.c">
      <Filter>Source Files</Filter>
    </ClCompile>
    <ClCompile Include="src\common\Common.cpp">
      <Filter>Source Files\common</Filter>
    </ClCompile>
    <ClCompile Include="src\common\Directory.cpp">
      <Filter>Source Files\common</Filter>
    </ClCompile>
    <ClCompile Include="src\common\Csv.cpp">
      <Filter>Source Files\common</Filter>
    </ClCompile>
    <ClCompile Include="src\common\FileStream.cpp">
      <Filter>Source Files\common</Filter>
    </ClCompile>
    <ClCompile Include="src\common\ListFile.cpp">
      <Filter>Source Files\common</Filter>
    </ClCompile>
    <ClCompile Include="src\common\Map.cpp">
      <Filter>Source Files\common</Filter>
    </ClCompile>
    <ClCompile Include="src\common\RootHandler.cpp">
      <Filter>Source Files\common</Filter>
    </ClCompile>
    <ClCompile Include="src\jenkins\lookup3.c">
      <Filter>Source Files\jenkins</Filter>
    </ClCompile>
    <ClCompile Include="src\libtomcrypt\src\hashes\hash_memory.c">
      <Filter>Source Files\libtomcrypt\hashes</Filter>
    </ClCompile>
    <ClCompile Include="src\libtomcrypt\src\hashes\md5.c">
      <Filter>Source Files\libtomcrypt\hashes</Filter>
    </ClCompile>
    <ClCompile Include="src\libtomcrypt\src\misc\crypt_argchk.c">
      <Filter>Source Files\libtomcrypt\misc</Filter>
    </ClCompile>
    <ClCompile Include="src\libtomcrypt\src\misc\crypt_hash_descriptor.c">
      <Filter>Source Files\libtomcrypt\misc</Filter>
    </ClCompile>
    <ClCompile Include="src\libtomcrypt\src\misc\crypt_hash_is_valid.c">
      <Filter>Source Files\libtomcrypt\misc</Filter>
    </ClCompile>
    <ClCompile Include="src\libtomcrypt\src\misc\crypt_libc.c">
      <Filter>Source Files\libtomcrypt\misc</Filter>
    </ClCompile>
    <ClCompile Include="src\zlib\adler32.c">
      <Filter>Source Files\zlib</Filter>
    </ClCompile>
    <ClCompile Include="src\zlib\crc32.c">
      <Filter>Source Files\zlib</Filter>
    </ClCompile>
    <ClCompile Include="src\zlib\inffast.c">
      <Filter>Source Files\zlib</Filter>
    </ClCompile>
    <ClCompile Include="src\zlib\inflate.c">
      <Filter>Source Files\zlib</Filter>
    </ClCompile>
    <ClCompile Include="src\zlib\inftrees.c">
      <Filter>Source Files\zlib</Filter>
    </ClCompile>
    <ClCompile Include="src\zlib\zutil.c">
      <Filter>Source Files\zlib</Filter>
    </ClCompile>
    <ClCompile Include="src\CascRootFile_Text.cpp">
      <Filter>Source Files</Filter>
    </ClCompile>
    <ClCompile Include="src\common\FileTree.cpp">
      <Filter>Source Files\common</Filter>
    </ClCompile>
    <ClCompile Include="src\CascRootFile_TVFS.cpp">
      <Filter>Source Files</Filter>
    </ClCompile>
    <ClCompile Include="src\CascRootFile_OW.cpp">
      <Filter>Source Files</Filter>
    </ClCompile>
  </ItemGroup>
  <ItemGroup>
    <ClInclude Include="src\common\Common.h">
      <Filter>Source Files\common</Filter>
    </ClInclude>
    <ClInclude Include="src\common\Directory.h">
      <Filter>Source Files\common</Filter>
    </ClInclude>
    <ClInclude Include="src\common\Csv.h">
      <Filter>Source Files\common</Filter>
    </ClInclude>
    <ClInclude Include="src\common\Array.h">
      <Filter>Source Files\common</Filter>
    </ClInclude>
    <ClInclude Include="src\FileStream.h">
      <Filter>Source Files\common</Filter>
    </ClInclude>
    <ClInclude Include="src\common\ListFile.h">
      <Filter>Source Files\common</Filter>
    </ClInclude>
    <ClInclude Include="src\common\Map.h">
      <Filter>Source Files\common</Filter>
    </ClInclude>
    <ClInclude Include="src\common\RootHandler.h">
      <Filter>Source Files\common</Filter>
    </ClInclude>
    <ClInclude Include="src\CascCommon.h">
      <Filter>Header Files</Filter>
    </ClInclude>
    <ClInclude Include="src\CascLib.h">
      <Filter>Header Files</Filter>
    </ClInclude>
    <ClInclude Include="src\CascPort.h">
      <Filter>Header Files</Filter>
    </ClInclude>
    <ClInclude Include="src\common\FileStream.h">
      <Filter>Header Files</Filter>
    </ClInclude>
    <ClInclude Include="src\common\FileTree.h">
      <Filter>Source Files\common</Filter>
    </ClInclude>
  </ItemGroup>
</Project>