<?xml version="1.0" encoding="utf-8"?>
<Project ToolsVersion="4.0" xmlns="http://schemas.microsoft.com/developer/msbuild/2003">
  <ItemGroup>
    <Filter Include="Source Files">
      <UniqueIdentifier>{5fe41dab-5a88-4f52-bd37-7de9000bcedd}</UniqueIdentifier>
    </Filter>
    <Filter Include="Source Files\common">
      <UniqueIdentifier>{f9e575fe-e9b4-4606-9cba-cbcf3a3c24b9}</UniqueIdentifier>
    </Filter>
    <Filter Include="Source Files\jenkins">
      <UniqueIdentifier>{11899284-8ccd-42aa-8642-9895573b29fd}</UniqueIdentifier>
    </Filter>
    <Filter Include="Source Files\zlib">
      <UniqueIdentifier>{ca184262-2a7c-4454-a342-d6ab2c34406f}</UniqueIdentifier>
    </Filter>
    <Filter Include="Header Files">
      <UniqueIdentifier>{40876fd7-9d34-4c9b-94ba-d9031aa51a86}</UniqueIdentifier>
    </Filter>
    <Filter Include="Source Files\md5">
      <UniqueIdentifier>{76faf80b-3c08-4bbd-a68d-5f6ab2b42e9a}</UniqueIdentifier>
    </Filter>
  </ItemGroup>
  <ItemGroup>
    <ClCompile Include="src\CascCommon.cpp">
      <Filter>Source Files</Filter>
    </ClCompile>
    <ClCompile Include="src\CascDecompress.cpp">
      <Filter>Source Files</Filter>
    </ClCompile>
    <ClCompile Include="src\CascDecrypt.cpp">
      <Filter>Source Files</Filter>
    </ClCompile>
    <ClCompile Include="src\CascDumpData.cpp">
      <Filter>Source Files</Filter>
    </ClCompile>
    <ClCompile Include="src\CascFiles.cpp">
      <Filter>Source Files</Filter>
    </ClCompile>
    <ClCompile Include="src\CascFindFile.cpp">
      <Filter>Source Files</Filter>
    </ClCompile>
    <ClCompile Include="src\CascOpenFile.cpp">
      <Filter>Source Files</Filter>
    </ClCompile>
    <ClCompile Include="src\CascOpenStorage.cpp">
      <Filter>Source Files</Filter>
    </ClCompile>
    <ClCompile Include="src\CascReadFile.cpp">
      <Filter>Source Files</Filter>
    </ClCompile>
    <ClCompile Include="src\CascRootFile_Diablo3.cpp">
      <Filter>Source Files</Filter>
    </ClCompile>
    <ClCompile Include="src\CascRootFile_MNDX.cpp">
      <Filter>Source Files</Filter>
    </ClCompile>
    <ClCompile Include="src\CascRootFile_Text.cpp">
      <Filter>Source Files</Filter>
    </ClCompile>
    <ClCompile Include="src\CascRootFile_WoW.cpp">
      <Filter>Source Files</Filter>
    </ClCompile>
    <ClCompile Include="src\DllMain.c">
      <Filter>Source Files</Filter>
    </ClCompile>
    <ClCompile Include="src\common\Common.cpp">
      <Filter>Source Files\common</Filter>
    </ClCompile>
    <ClCompile Include="src\common\Directory.cpp">
      <Filter>Source Files\common</Filter>
    </ClCompile>
    <ClCompile Include="src\common\Csv.cpp">
      <Filter>Source Files\common</Filter>
    </ClCompile>
    <ClCompile Include="src\common\FileStream.cpp">
      <Filter>Source Files\common</Filter>
    </ClCompile>
    <ClCompile Include="src\common\ListFile.cpp">
      <Filter>Source Files\common</Filter>
    </ClCompile>
    <ClCompile Include="src\common\RootHandler.cpp">
      <Filter>Source Files\common</Filter>
    </ClCompile>
    <ClCompile Include="src\jenkins\lookup3.c">
      <Filter>Source Files\jenkins</Filter>
    </ClCompile>
    <ClCompile Include="src\zlib\adler32.c">
      <Filter>Source Files\zlib</Filter>
    </ClCompile>
    <ClCompile Include="src\zlib\crc32.c">
      <Filter>Source Files\zlib</Filter>
    </ClCompile>
    <ClCompile Include="src\zlib\inffast.c">
      <Filter>Source Files\zlib</Filter>
    </ClCompile>
    <ClCompile Include="src\zlib\inflate.c">
      <Filter>Source Files\zlib</Filter>
    </ClCompile>
    <ClCompile Include="src\zlib\inftrees.c">
      <Filter>Source Files\zlib</Filter>
    </ClCompile>
    <ClCompile Include="src\zlib\zutil.c">
      <Filter>Source Files\zlib</Filter>
    </ClCompile>
    <ClCompile Include="src\CascRootFile_Text.cpp">
      <Filter>Source Files</Filter>
    </ClCompile>
    <ClCompile Include="src\common\FileTree.cpp">
      <Filter>Source Files\common</Filter>
    </ClCompile>
    <ClCompile Include="src\CascRootFile_TVFS.cpp">
      <Filter>Source Files</Filter>
    </ClCompile>
    <ClCompile Include="src\CascRootFile_OW.cpp">
      <Filter>Source Files</Filter>
    </ClCompile>
    <ClCompile Include="src\CascRootFile_Install.cpp">
      <Filter>Source Files</Filter>
    </ClCompile>
    <ClCompile Include="src\CascIndexFiles.cpp">
      <Filter>Source Files</Filter>
    </ClCompile>
    <ClCompile Include="src\md5\md5.cpp">
      <Filter>Source Files\md5</Filter>
    </ClCompile>
  </ItemGroup>
  <ItemGroup>
    <ClInclude Include="src\common\Common.h">
      <Filter>Source Files\common</Filter>
    </ClInclude>
    <ClInclude Include="src\common\Directory.h">
      <Filter>Source Files\common</Filter>
    </ClInclude>
    <ClInclude Include="src\common\Csv.h">
      <Filter>Source Files\common</Filter>
    </ClInclude>
    <ClInclude Include="src\common\Array.h">
      <Filter>Source Files\common</Filter>
    </ClInclude>
    <ClInclude Include="src\FileStream.h">
      <Filter>Source Files\common</Filter>
    </ClInclude>
    <ClInclude Include="src\common\ListFile.h">
      <Filter>Source Files\common</Filter>
    </ClInclude>
    <ClInclude Include="src\common\Map.h">
      <Filter>Source Files\common</Filter>
    </ClInclude>
    <ClInclude Include="src\common\RootHandler.h">
      <Filter>Source Files\common</Filter>
    </ClInclude>
    <ClInclude Include="src\CascCommon.h">
      <Filter>Header Files</Filter>
    </ClInclude>
    <ClInclude Include="src\CascLib.h">
      <Filter>Header Files</Filter>
    </ClInclude>
    <ClInclude Include="src\CascPort.h">
      <Filter>Header Files</Filter>
    </ClInclude>
    <ClInclude Include="src\common\FileStream.h">
      <Filter>Header Files</Filter>
    </ClInclude>
    <ClInclude Include="src\common\FileTree.h">
      <Filter>Source Files\common</Filter>
    </ClInclude>
    <ClInclude Include="src\md5\md5.h">
      <Filter>Source Files\md5</Filter>
    </ClInclude>
  </ItemGroup>
</Project>