<?xml version="1.0" encoding="utf-8"?>
<Project ToolsVersion="4.0" xmlns="http://schemas.microsoft.com/developer/msbuild/2003">
  <ItemGroup>
    <Filter Include="Doc Files">
      <UniqueIdentifier>{8af0c7b7-d6b5-4099-8fd4-9d38d3bc4cc6}</UniqueIdentifier>
    </Filter>
    <Filter Include="Header Files">
      <UniqueIdentifier>{54262a9d-a778-4e42-be32-0e0447aac336}</UniqueIdentifier>
    </Filter>
    <Filter Include="Source Files">
      <UniqueIdentifier>{005fe676-20bf-4229-8719-4cc8e611e4c3}</UniqueIdentifier>
    </Filter>
    <Filter Include="Source Files\common">
      <UniqueIdentifier>{d2df9639-f193-4fb9-8911-e35bb59218eb}</UniqueIdentifier>
    </Filter>
    <Filter Include="Source Files\jenkins">
      <UniqueIdentifier>{7b4a98a2-e979-44cb-a09f-d05ea7b8ae3c}</UniqueIdentifier>
    </Filter>
    <Filter Include="Source Files\zlib">
      <UniqueIdentifier>{f75a501d-96b6-4cdc-a97a-b30b8f2cb9a5}</UniqueIdentifier>
    </Filter>
    <Filter Include="Source Files\hashes">
      <UniqueIdentifier>{a87904e6-a75a-43dd-912a-7c6c40523dbb}</UniqueIdentifier>
    </Filter>
    <Filter Include="Source Files\overwatch">
      <UniqueIdentifier>{8dd79d3f-4df9-4b19-a4b0-578c1b841be9}</UniqueIdentifier>
    </Filter>
  </ItemGroup>
  <ItemGroup>
    <Text Include="doc\History.txt">
      <Filter>Doc Files</Filter>
    </Text>
  </ItemGroup>
  <ItemGroup>
    <ClInclude Include="src\CascCommon.h">
      <Filter>Header Files</Filter>
    </ClInclude>
    <ClInclude Include="src\CascLib.h">
      <Filter>Header Files</Filter>
    </ClInclude>
    <ClInclude Include="src\CascPort.h">
      <Filter>Header Files</Filter>
    </ClInclude>
    <ClInclude Include="src\common\Common.h">
      <Filter>Source Files\common</Filter>
    </ClInclude>
    <ClInclude Include="src\common\Csv.h">
      <Filter>Source Files\common</Filter>
    </ClInclude>
    <ClInclude Include="src\FileStream.h">
      <Filter>Source Files\common</Filter>
    </ClInclude>
    <ClInclude Include="src\common\ListFile.h">
      <Filter>Source Files\common</Filter>
    </ClInclude>
    <ClInclude Include="src\common\Map.h">
      <Filter>Source Files\common</Filter>
    </ClInclude>
    <ClInclude Include="src\common\RootHandler.h">
      <Filter>Source Files\common</Filter>
    </ClInclude>
    <ClInclude Include="src\common\Directory.h">
      <Filter>Source Files\common</Filter>
    </ClInclude>
    <ClInclude Include="src\common\DynamicArray.h">
      <Filter>Source Files\common</Filter>
    </ClInclude>
    <ClInclude Include="src\common\FileTree.h">
      <Filter>Source Files\common</Filter>
    </ClInclude>
    <ClInclude Include="src\CascStructs.h">
      <Filter>Header Files</Filter>
    </ClInclude>
    <ClInclude Include="src\hashes\md5.h">
      <Filter>Source Files\hashes</Filter>
    </ClInclude>
    <ClInclude Include="src\common\Mime.h">
      <Filter>Source Files\common</Filter>
    </ClInclude>
    <ClInclude Include="src\common\Sockets.h">
      <Filter>Source Files\common</Filter>
    </ClInclude>
    <ClInclude Include="src\common\Path.h">
      <Filter>Source Files\common</Filter>
    </ClInclude>
    <ClInclude Include="src\hashes\sha1.h">
      <Filter>Source Files\hashes</Filter>
    </ClInclude>
    <ClInclude Include="src\overwatch\aes.h">
      <Filter>Source Files\overwatch</Filter>
    </ClInclude>
  </ItemGroup>
  <ItemGroup>
    <ClCompile Include="src\CascFiles.cpp">
      <Filter>Source Files</Filter>
    </ClCompile>
    <ClCompile Include="src\CascDecompress.cpp">
      <Filter>Source Files</Filter>
    </ClCompile>
    <ClCompile Include="src\CascDumpData.cpp">
      <Filter>Source Files</Filter>
    </ClCompile>
    <ClCompile Include="src\CascFindFile.cpp">
      <Filter>Source Files</Filter>
    </ClCompile>
    <ClCompile Include="src\CascOpenFile.cpp">
      <Filter>Source Files</Filter>
    </ClCompile>
    <ClCompile Include="src\CascOpenStorage.cpp">
      <Filter>Source Files</Filter>
    </ClCompile>
    <ClCompile Include="src\CascReadFile.cpp">
      <Filter>Source Files</Filter>
    </ClCompile>
    <ClCompile Include="src\CascRootFile_Diablo3.cpp">
      <Filter>Source Files</Filter>
    </ClCompile>
    <ClCompile Include="src\CascRootFile_MNDX.cpp">
      <Filter>Source Files</Filter>
    </ClCompile>
    <ClCompile Include="src\CascRootFile_WoW.cpp">
      <Filter>Source Files</Filter>
    </ClCompile>
    <ClCompile Include="src\common\Common.cpp">
      <Filter>Source Files\common</Filter>
    </ClCompile>
    <ClCompile Include="src\common\Directory.cpp">
      <Filter>Source Files\common</Filter>
    </ClCompile>
    <ClCompile Include="src\common\Csv.cpp">
      <Filter>Source Files\common</Filter>
    </ClCompile>
    <ClCompile Include="src\common\FileStream.cpp">
      <Filter>Source Files\common</Filter>
    </ClCompile>
    <ClCompile Include="src\common\ListFile.cpp">
      <Filter>Source Files\common</Filter>
    </ClCompile>
    <ClCompile Include="src\common\RootHandler.cpp">
      <Filter>Source Files\common</Filter>
    </ClCompile>
    <ClCompile Include="src\jenkins\lookup3.c">
      <Filter>Source Files\jenkins</Filter>
    </ClCompile>
    <ClCompile Include="src\zlib\adler32.c">
      <Filter>Source Files\zlib</Filter>
    </ClCompile>
    <ClCompile Include="src\zlib\crc32.c">
      <Filter>Source Files\zlib</Filter>
    </ClCompile>
    <ClCompile Include="src\zlib\inffast.c">
      <Filter>Source Files\zlib</Filter>
    </ClCompile>
    <ClCompile Include="src\zlib\inflate.c">
      <Filter>Source Files\zlib</Filter>
    </ClCompile>
    <ClCompile Include="src\zlib\inftrees.c">
      <Filter>Source Files\zlib</Filter>
    </ClCompile>
    <ClCompile Include="src\zlib\zutil.c">
      <Filter>Source Files\zlib</Filter>
    </ClCompile>
    <ClCompile Include="src\CascDecrypt.cpp">
      <Filter>Source Files</Filter>
    </ClCompile>
    <ClCompile Include="src\CascRootFile_Text.cpp">
      <Filter>Source Files</Filter>
    </ClCompile>
    <ClCompile Include="src\CascRootFile_TVFS.cpp">
      <Filter>Source Files</Filter>
    </ClCompile>
    <ClCompile Include="src\common\FileTree.cpp">
      <Filter>Source Files\common</Filter>
    </ClCompile>
    <ClCompile Include="src\CascRootFile_OW.cpp">
      <Filter>Source Files</Filter>
    </ClCompile>
    <ClCompile Include="src\CascRootFile_Install.cpp">
      <Filter>Source Files</Filter>
    </ClCompile>
    <ClCompile Include="src\CascIndexFiles.cpp">
      <Filter>Source Files</Filter>
    </ClCompile>
    <ClCompile Include="src\hashes\md5.cpp">
      <Filter>Source Files\hashes</Filter>
    </ClCompile>
    <ClCompile Include="src\zlib\deflate.c">
      <Filter>Source Files\zlib</Filter>
    </ClCompile>
    <ClCompile Include="src\zlib\trees.c">
      <Filter>Source Files\zlib</Filter>
    </ClCompile>
    <ClCompile Include="src\common\Mime.cpp">
      <Filter>Source Files\common</Filter>
    </ClCompile>
    <ClCompile Include="src\common\Sockets.cpp">
      <Filter>Source Files\common</Filter>
    </ClCompile>
    <ClCompile Include="src\hashes\sha1.cpp">
      <Filter>Source Files\hashes</Filter>
    </ClCompile>
    <ClCompile Include="src\overwatch\cmf.cpp">
      <Filter>Source Files\overwatch</Filter>
    </ClCompile>
    <ClCompile Include="src\overwatch\aes.cpp">
      <Filter>Source Files\overwatch</Filter>
    </ClCompile>
    <ClCompile Include="src\overwatch\apm.cpp">
      <Filter>Source Files\overwatch</Filter>
    </ClCompile>
  </ItemGroup>
</Project>