<?xml version="1.0" encoding="utf-8"?>
<Project ToolsVersion="4.0" xmlns="http://schemas.microsoft.com/developer/msbuild/2003">
  <ItemGroup>
    <Filter Include="Source Files">
      <UniqueIdentifier>{853d07a7-df41-477b-a2d9-eea5ae32021b}</UniqueIdentifier>
      <Extensions>cpp;c;cxx;rc;def;r;odl;idl;hpj;bat</Extensions>
    </Filter>
    <Filter Include="Source Files\jenkins">
      <UniqueIdentifier>{5c22345e-5c14-4228-9fa0-b8e12cb7156f}</UniqueIdentifier>
    </Filter>
    <Filter Include="Source Files\libtomcrypt">
      <UniqueIdentifier>{d8f88aa5-323f-486d-b0b0-7b55d8778533}</UniqueIdentifier>
    </Filter>
    <Filter Include="Source Files\libtomcrypt\hashes">
      <UniqueIdentifier>{84ee2489-ec98-4fc5-bc1f-f1b2296f084f}</UniqueIdentifier>
    </Filter>
    <Filter Include="Source Files\libtomcrypt\misc">
      <UniqueIdentifier>{fff679c3-08cf-485f-96f2-c90c02aa6d2c}</UniqueIdentifier>
    </Filter>
    <Filter Include="Source Files\zlib">
      <UniqueIdentifier>{2d4c8c51-11a1-4c98-8b9a-ab0f4cc6a282}</UniqueIdentifier>
    </Filter>
    <Filter Include="Source Files\common">
      <UniqueIdentifier>{8f879789-ee23-49ab-87f8-b910189689c4}</UniqueIdentifier>
    </Filter>
    <Filter Include="Header Files">
      <UniqueIdentifier>{8f088a12-9e62-4a45-a2ee-2c9077e7bc1f}</UniqueIdentifier>
    </Filter>
    <Filter Include="Doc Files">
      <UniqueIdentifier>{9d0335e3-5733-4de2-859a-467333ab5754}</UniqueIdentifier>
    </Filter>
  </ItemGroup>
  <ItemGroup>
    <ClCompile Include="src\CascCommon.cpp">
      <Filter>Source Files</Filter>
    </ClCompile>
    <ClCompile Include="src\CascDecompress.cpp">
      <Filter>Source Files</Filter>
    </ClCompile>
    <ClCompile Include="src\CascDecrypt.cpp">
      <Filter>Source Files</Filter>
    </ClCompile>
    <ClCompile Include="src\CascDumpData.cpp">
      <Filter>Source Files</Filter>
    </ClCompile>
    <ClCompile Include="src\CascFiles.cpp">
      <Filter>Source Files</Filter>
    </ClCompile>
    <ClCompile Include="src\CascFindFile.cpp">
      <Filter>Source Files</Filter>
    </ClCompile>
    <ClCompile Include="src\CascOpenFile.cpp">
      <Filter>Source Files</Filter>
    </ClCompile>
    <ClCompile Include="src\CascOpenStorage.cpp">
      <Filter>Source Files</Filter>
    </ClCompile>
    <ClCompile Include="src\CascReadFile.cpp">
      <Filter>Source Files</Filter>
    </ClCompile>
    <ClCompile Include="src\CascRootFile_Diablo3.cpp">
      <Filter>Source Files</Filter>
    </ClCompile>
    <ClCompile Include="src\CascRootFile_MNDX.cpp">
      <Filter>Source Files</Filter>
    </ClCompile>
    <ClCompile Include="src\CascRootFile_WoW6.cpp">
      <Filter>Source Files</Filter>
    </ClCompile>
    <ClCompile Include="test\CascTest.cpp">
      <Filter>Source Files</Filter>
    </ClCompile>
    <ClCompile Include="src\jenkins\lookup3.c">
      <Filter>Source Files\jenkins</Filter>
    </ClCompile>
    <ClCompile Include="src\libtomcrypt\src\hashes\hash_memory.c">
      <Filter>Source Files\libtomcrypt\hashes</Filter>
    </ClCompile>
    <ClCompile Include="src\libtomcrypt\src\hashes\md5.c">
      <Filter>Source Files\libtomcrypt\hashes</Filter>
    </ClCompile>
    <ClCompile Include="src\libtomcrypt\src\misc\crypt_argchk.c">
      <Filter>Source Files\libtomcrypt\misc</Filter>
    </ClCompile>
    <ClCompile Include="src\libtomcrypt\src\misc\crypt_hash_descriptor.c">
      <Filter>Source Files\libtomcrypt\misc</Filter>
    </ClCompile>
    <ClCompile Include="src\libtomcrypt\src\misc\crypt_hash_is_valid.c">
      <Filter>Source Files\libtomcrypt\misc</Filter>
    </ClCompile>
    <ClCompile Include="src\libtomcrypt\src\misc\crypt_libc.c">
      <Filter>Source Files\libtomcrypt\misc</Filter>
    </ClCompile>
    <ClCompile Include="src\zlib\adler32.c">
      <Filter>Source Files\zlib</Filter>
    </ClCompile>
    <ClCompile Include="src\zlib\crc32.c">
      <Filter>Source Files\zlib</Filter>
    </ClCompile>
    <ClCompile Include="src\zlib\inffast.c">
      <Filter>Source Files\zlib</Filter>
    </ClCompile>
    <ClCompile Include="src\zlib\inflate.c">
      <Filter>Source Files\zlib</Filter>
    </ClCompile>
    <ClCompile Include="src\zlib\inftrees.c">
      <Filter>Source Files\zlib</Filter>
    </ClCompile>
    <ClCompile Include="src\zlib\zutil.c">
      <Filter>Source Files\zlib</Filter>
    </ClCompile>
    <ClCompile Include="src\common\Common.cpp">
      <Filter>Source Files\common</Filter>
    </ClCompile>
    <ClCompile Include="src\common\Directory.cpp">
      <Filter>Source Files\common</Filter>
    </ClCompile>
    <ClCompile Include="src\common\Csv.cpp">
      <Filter>Source Files\common</Filter>
    </ClCompile>
    <ClCompile Include="src\common\FileStream.cpp">
      <Filter>Source Files\common</Filter>
    </ClCompile>
    <ClCompile Include="src\common\ListFile.cpp">
      <Filter>Source Files\common</Filter>
    </ClCompile>
    <ClCompile Include="src\common\Map.cpp">
      <Filter>Source Files\common</Filter>
    </ClCompile>
    <ClCompile Include="src\common\RootHandler.cpp">
      <Filter>Source Files\common</Filter>
    </ClCompile>
    <ClCompile Include="src\CascRootFile_Text.cpp">
      <Filter>Source Files</Filter>
    </ClCompile>
    <ClCompile Include="src\common\FileTree.cpp">
      <Filter>Source Files\common</Filter>
    </ClCompile>
    <ClCompile Include="src\CascRootFile_TVFS.cpp">
      <Filter>Source Files</Filter>
    </ClCompile>
    <ClCompile Include="src\CascRootFile_OW.cpp">
      <Filter>Source Files</Filter>
    </ClCompile>
  </ItemGroup>
  <ItemGroup>
    <ClInclude Include="src\common\Common.h">
      <Filter>Source Files\common</Filter>
    </ClInclude>
    <ClInclude Include="src\common\Directory.h">
      <Filter>Source Files\common</Filter>
    </ClInclude>
    <ClInclude Include="src\common\Csv.h">
      <Filter>Source Files\common</Filter>
    </ClInclude>
    <ClInclude Include="src\common\Array.h">
      <Filter>Source Files\common</Filter>
    </ClInclude>
    <ClInclude Include="src\common\FileStream.h">
      <Filter>Source Files\common</Filter>
    </ClInclude>
    <ClInclude Include="src\common\ListFile.h">
      <Filter>Source Files\common</Filter>
    </ClInclude>
    <ClInclude Include="src\common\Map.h">
      <Filter>Source Files\common</Filter>
    </ClInclude>
    <ClInclude Include="src\common\RootHandler.h">
      <Filter>Source Files\common</Filter>
    </ClInclude>
    <ClInclude Include="src\CascCommon.h">
      <Filter>Header Files</Filter>
    </ClInclude>
    <ClInclude Include="src\CascLib.h">
      <Filter>Header Files</Filter>
    </ClInclude>
    <ClInclude Include="src\CascPort.h">
      <Filter>Header Files</Filter>
    </ClInclude>
    <ClInclude Include="src\common\FileTree.h">
      <Filter>Source Files\common</Filter>
    </ClInclude>
  </ItemGroup>
  <ItemGroup>
    <Text Include="doc\History.txt">
      <Filter>Doc Files</Filter>
    </Text>
    <Text Include="doc\Lookup.txt">
      <Filter>Doc Files</Filter>
    </Text>
    <Text Include="doc\research.txt">
      <Filter>Doc Files</Filter>
    </Text>
    <Text Include="doc\wow-files.txt">
      <Filter>Doc Files</Filter>
    </Text>
  </ItemGroup>
</Project>